
Microsoft Visual Studio Solution File, Format Version 12.00
# Visual Studio Version 16
VisualStudioVersion = 16.0.31424.327
MinimumVisualStudioVersion = 10.0.40219.1
Project("{FAE04EC0-301F-11D3-BF4B-00C04F79EFBC}") = "qlnvbt2", "qlnvbt2\qlnvbt2.csproj", "{0D21D99E-0025-4200-843D-A0A2480E8C0B}"
EndProject
Global
	GlobalSection(SolutionConfigurationPlatforms) = preSolution
		Debug|Any CPU = Debug|Any CPU
		Release|Any CPU = Release|Any CPU
	EndGlobalSection
	GlobalSection(ProjectConfigurationPlatforms) = postSolution
		{0D21D99E-0025-4200-843D-A0A2480E8C0B}.Debug|Any CPU.ActiveCfg = Debug|Any CPU
		{0D21D99E-0025-4200-843D-A0A2480E8C0B}.Debug|Any CPU.Build.0 = Debug|Any CPU
		{0D21D99E-0025-4200-843D-A0A2480E8C0B}.Release|Any CPU.ActiveCfg = Release|Any CPU
		{0D21D99E-0025-4200-843D-A0A2480E8C0B}.Release|Any CPU.Build.0 = Release|Any CPU
	EndGlobalSection
	GlobalSection(SolutionProperties) = preSolution
		HideSolutionNode = FALSE
	EndGlobalSection
	GlobalSection(ExtensibilityGlobals) = postSolution
		SolutionGuid = {01D71660-B204-48D4-B85D-8DA169FAB1AD}
	EndGlobalSection
EndGlobal
